
Microsoft Visual Studio Solution File, Format Version 12.00
# Visual Studio 2012
Project("{FAE04EC0-301F-11D3-BF4B-00C04F79EFBC}") = "MyFirstCSApp", "MyFirstCSApp\MyFirstCSApp.csproj", "{1A4D11CB-A420-4DD9-84AF-3741CBBB2ECD}"
EndProject
Global
	GlobalSection(SolutionConfigurationPlatforms) = preSolution
		Debug|Any CPU = Debug|Any CPU
		Release|Any CPU = Release|Any CPU
	EndGlobalSection
	GlobalSection(ProjectConfigurationPlatforms) = postSolution
		{1A4D11CB-A420-4DD9-84AF-3741CBBB2ECD}.Debug|Any CPU.ActiveCfg = Debug|Any CPU
		{1A4D11CB-A420-4DD9-84AF-3741CBBB2ECD}.Debug|Any CPU.Build.0 = Debug|Any CPU
		{1A4D11CB-A420-4DD9-84AF-3741CBBB2ECD}.Release|Any CPU.ActiveCfg = Release|Any CPU
		{1A4D11CB-A420-4DD9-84AF-3741CBBB2ECD}.Release|Any CPU.Build.0 = Release|Any CPU
	EndGlobalSection
	GlobalSection(SolutionProperties) = preSolution
		HideSolutionNode = FALSE
	EndGlobalSection
EndGlobal
