
Microsoft Visual Studio Solution File, Format Version 12.00
# Visual Studio 2012
Project("{8BC9CEB8-8B4A-11D0-8D11-00A0C91BC942}") = "CdCollection", "CdCollection\CdCollection.vcxproj", "{BEAB18BD-7B40-4293-8AF5-FD32FCC7251B}"
EndProject
Global
	GlobalSection(SolutionConfigurationPlatforms) = preSolution
		Debug|Win32 = Debug|Win32
		Release|Win32 = Release|Win32
	EndGlobalSection
	GlobalSection(ProjectConfigurationPlatforms) = postSolution
		{BEAB18BD-7B40-4293-8AF5-FD32FCC7251B}.Debug|Win32.ActiveCfg = Debug|Win32
		{BEAB18BD-7B40-4293-8AF5-FD32FCC7251B}.Debug|Win32.Build.0 = Debug|Win32
		{BEAB18BD-7B40-4293-8AF5-FD32FCC7251B}.Release|Win32.ActiveCfg = Release|Win32
		{BEAB18BD-7B40-4293-8AF5-FD32FCC7251B}.Release|Win32.Build.0 = Release|Win32
	EndGlobalSection
	GlobalSection(SolutionProperties) = preSolution
		HideSolutionNode = FALSE
	EndGlobalSection
EndGlobal
