
Microsoft Visual Studio Solution File, Format Version 12.00
# Visual Studio 2012
Project("{8BC9CEB8-8B4A-11D0-8D11-00A0C91BC942}") = "Small_Assignment10.1", "Small_Assignment10.1\Small_Assignment10.1.vcxproj", "{037980B8-7614-4A4E-B731-019F9E47EF50}"
EndProject
Global
	GlobalSection(SolutionConfigurationPlatforms) = preSolution
		Debug|Win32 = Debug|Win32
		Release|Win32 = Release|Win32
	EndGlobalSection
	GlobalSection(ProjectConfigurationPlatforms) = postSolution
		{037980B8-7614-4A4E-B731-019F9E47EF50}.Debug|Win32.ActiveCfg = Debug|Win32
		{037980B8-7614-4A4E-B731-019F9E47EF50}.Debug|Win32.Build.0 = Debug|Win32
		{037980B8-7614-4A4E-B731-019F9E47EF50}.Release|Win32.ActiveCfg = Release|Win32
		{037980B8-7614-4A4E-B731-019F9E47EF50}.Release|Win32.Build.0 = Release|Win32
	EndGlobalSection
	GlobalSection(SolutionProperties) = preSolution
		HideSolutionNode = FALSE
	EndGlobalSection
EndGlobal
